Microsoft Visual Studio Solution File, Format Version 12.00
# Visual Studio Version 17
VisualStudioVersion = 17.5.2.0
MinimumVisualStudioVersion = 10.0.40219.1
Project("{FAE04EC0-301F-11D3-BF4B-00C04F79EFBC}") = "Encryptor_Decryptor_Form", "Encryptor_Decryptor_Form.csproj", "{C3273B20-2293-8DBC-ECF1-B9FE1947ADD5}"
EndProject
Global
	GlobalSection(SolutionConfigurationPlatforms) = preSolution
		Debug|Any CPU = Debug|Any CPU
		Release|Any CPU = Release|Any CPU
	EndGlobalSection
	GlobalSection(ProjectConfigurationPlatforms) = postSolution
		{C3273B20-2293-8DBC-ECF1-B9FE1947ADD5}.Debug|Any CPU.ActiveCfg = Debug|Any CPU
		{C3273B20-2293-8DBC-ECF1-B9FE1947ADD5}.Debug|Any CPU.Build.0 = Debug|Any CPU
		{C3273B20-2293-8DBC-ECF1-B9FE1947ADD5}.Release|Any CPU.ActiveCfg = Release|Any CPU
		{C3273B20-2293-8DBC-ECF1-B9FE1947ADD5}.Release|Any CPU.Build.0 = Release|Any CPU
	EndGlobalSection
	GlobalSection(SolutionProperties) = preSolution
		HideSolutionNode = FALSE
	EndGlobalSection
	GlobalSection(ExtensibilityGlobals) = postSolution
		SolutionGuid = {12FE00F1-BFA0-4687-A6B4-E94735E357EF}
	EndGlobalSection
EndGlobal
